
Microsoft Visual Studio Solution File, Format Version 12.00
# Visual Studio Version 17
VisualStudioVersion = 17.8.34330.188
MinimumVisualStudioVersion = 10.0.40219.1
Project("{9A19103F-16F7-4668-BE54-9A1E7A4F7556}") = "ThunderWings.Api", "src\ThunderWings.Api\ThunderWings.Api.csproj", "{1AE98C60-C566-4C31-AB11-157656821EAD}"
EndProject
Project("{9A19103F-16F7-4668-BE54-9A1E7A4F7556}") = "ThunderWings.Domain", "src\ThunderWings.Domain\ThunderWings.Domain.csproj", "{3FB9AA94-C597-4592-A72F-51C9817F223C}"
EndProject
Project("{9A19103F-16F7-4668-BE54-9A1E7A4F7556}") = "ThunderWings.Infrastructure", "src\ThunderWings.Infrastructure\ThunderWings.Infrastructure\ThunderWings.Infrastructure.csproj", "{157F302D-03FF-48F4-87DA-F43CCE9D28B6}"
EndProject
Project("{9A19103F-16F7-4668-BE54-9A1E7A4F7556}") = "ThunderWings.Application", "src\ThunderWings.Application\ThunderWings.Application\ThunderWings.Application.csproj", "{62830A6F-4C27-4ADD-8A87-7E04A9305592}"
EndProject
Project("{E53339B2-1760-4266-BCC7-CA923CBCF16C}") = "docker-compose", "docker-compose.dcproj", "{86F54C82-A701-4227-A346-B228D7FC6A54}"
EndProject
Global
	GlobalSection(SolutionConfigurationPlatforms) = preSolution
		Debug|Any CPU = Debug|Any CPU
		Release|Any CPU = Release|Any CPU
	EndGlobalSection
	GlobalSection(ProjectConfigurationPlatforms) = postSolution
		{1AE98C60-C566-4C31-AB11-157656821EAD}.Debug|Any CPU.ActiveCfg = Debug|Any CPU
		{1AE98C60-C566-4C31-AB11-157656821EAD}.Debug|Any CPU.Build.0 = Debug|Any CPU
		{1AE98C60-C566-4C31-AB11-157656821EAD}.Release|Any CPU.ActiveCfg = Release|Any CPU
		{1AE98C60-C566-4C31-AB11-157656821EAD}.Release|Any CPU.Build.0 = Release|Any CPU
		{3FB9AA94-C597-4592-A72F-51C9817F223C}.Debug|Any CPU.ActiveCfg = Debug|Any CPU
		{3FB9AA94-C597-4592-A72F-51C9817F223C}.Debug|Any CPU.Build.0 = Debug|Any CPU
		{3FB9AA94-C597-4592-A72F-51C9817F223C}.Release|Any CPU.ActiveCfg = Release|Any CPU
		{3FB9AA94-C597-4592-A72F-51C9817F223C}.Release|Any CPU.Build.0 = Release|Any CPU
		{157F302D-03FF-48F4-87DA-F43CCE9D28B6}.Debug|Any CPU.ActiveCfg = Debug|Any CPU
		{157F302D-03FF-48F4-87DA-F43CCE9D28B6}.Debug|Any CPU.Build.0 = Debug|Any CPU
		{157F302D-03FF-48F4-87DA-F43CCE9D28B6}.Release|Any CPU.ActiveCfg = Release|Any CPU
		{157F302D-03FF-48F4-87DA-F43CCE9D28B6}.Release|Any CPU.Build.0 = Release|Any CPU
		{62830A6F-4C27-4ADD-8A87-7E04A9305592}.Debug|Any CPU.ActiveCfg = Debug|Any CPU
		{62830A6F-4C27-4ADD-8A87-7E04A9305592}.Debug|Any CPU.Build.0 = Debug|Any CPU
		{62830A6F-4C27-4ADD-8A87-7E04A9305592}.Release|Any CPU.ActiveCfg = Release|Any CPU
		{62830A6F-4C27-4ADD-8A87-7E04A9305592}.Release|Any CPU.Build.0 = Release|Any CPU
		{86F54C82-A701-4227-A346-B228D7FC6A54}.Debug|Any CPU.ActiveCfg = Debug|Any CPU
		{86F54C82-A701-4227-A346-B228D7FC6A54}.Debug|Any CPU.Build.0 = Debug|Any CPU
		{86F54C82-A701-4227-A346-B228D7FC6A54}.Release|Any CPU.ActiveCfg = Release|Any CPU
		{86F54C82-A701-4227-A346-B228D7FC6A54}.Release|Any CPU.Build.0 = Release|Any CPU
	EndGlobalSection
	GlobalSection(SolutionProperties) = preSolution
		HideSolutionNode = FALSE
	EndGlobalSection
	GlobalSection(ExtensibilityGlobals) = postSolution
		SolutionGuid = {9E575C3A-B95C-4489-A4DC-13441ADD9B20}
	EndGlobalSection
EndGlobal
