
Microsoft Visual Studio Solution File, Format Version 12.00
# Visual Studio Version 17
VisualStudioVersion = 17.8.34330.188
MinimumVisualStudioVersion = 10.0.40219.1
Project("{FAE04EC0-301F-11D3-BF4B-00C04F79EFBC}") = "ThunderWings.Api", "ThunderWings.Api\ThunderWings.Api.csproj", "{F3FBC70F-510F-40F9-A38F-5F5A4DD8CAED}"
EndProject
Global
	GlobalSection(SolutionConfigurationPlatforms) = preSolution
		Debug|Any CPU = Debug|Any CPU
		Release|Any CPU = Release|Any CPU
	EndGlobalSection
	GlobalSection(ProjectConfigurationPlatforms) = postSolution
		{F3FBC70F-510F-40F9-A38F-5F5A4DD8CAED}.Debug|Any CPU.ActiveCfg = Debug|Any CPU
		{F3FBC70F-510F-40F9-A38F-5F5A4DD8CAED}.Debug|Any CPU.Build.0 = Debug|Any CPU
		{F3FBC70F-510F-40F9-A38F-5F5A4DD8CAED}.Release|Any CPU.ActiveCfg = Release|Any CPU
		{F3FBC70F-510F-40F9-A38F-5F5A4DD8CAED}.Release|Any CPU.Build.0 = Release|Any CPU
	EndGlobalSection
	GlobalSection(SolutionProperties) = preSolution
		HideSolutionNode = FALSE
	EndGlobalSection
	GlobalSection(ExtensibilityGlobals) = postSolution
		SolutionGuid = {9E575C3A-B95C-4489-A4DC-13441ADD9B20}
	EndGlobalSection
EndGlobal
